
Microsoft Visual Studio Solution File, Format Version 12.00
# Visual Studio Version 17
VisualStudioVersion = 17.4.33103.184
MinimumVisualStudioVersion = 10.0.40219.1
Project("{9A19103F-16F7-4668-BE54-9A1E7A4F7556}") = "AuthAPI", "AuthAPI\AuthAPI.csproj", "{1A4386A3-5BE7-45EE-A3A3-1531DF8D2C87}"
EndProject
Global
	GlobalSection(SolutionConfigurationPlatforms) = preSolution
		Debug|Any CPU = Debug|Any CPU
		Release|Any CPU = Release|Any CPU
	EndGlobalSection
	GlobalSection(ProjectConfigurationPlatforms) = postSolution
		{1A4386A3-5BE7-45EE-A3A3-1531DF8D2C87}.Debug|Any CPU.ActiveCfg = Debug|Any CPU
		{1A4386A3-5BE7-45EE-A3A3-1531DF8D2C87}.Debug|Any CPU.Build.0 = Debug|Any CPU
		{1A4386A3-5BE7-45EE-A3A3-1531DF8D2C87}.Release|Any CPU.ActiveCfg = Release|Any CPU
		{1A4386A3-5BE7-45EE-A3A3-1531DF8D2C87}.Release|Any CPU.Build.0 = Release|Any CPU
	EndGlobalSection
	GlobalSection(SolutionProperties) = preSolution
		HideSolutionNode = FALSE
	EndGlobalSection
	GlobalSection(ExtensibilityGlobals) = postSolution
		SolutionGuid = {F34B87F3-C6CE-453A-860A-1D98A32EADD4}
	EndGlobalSection
EndGlobal
